
Microsoft Visual Studio Solution File, Format Version 12.00
# Visual Studio Version 17
VisualStudioVersion = 17.14.36717.8
MinimumVisualStudioVersion = 10.0.40219.1
Project("{2150E333-8FDC-42A3-9474-1A3956D46DE8}") = "Application", "Application", "{02EA681E-C7D8-13C7-8484-4AC65E1B71E8}"
EndProject
Project("{2150E333-8FDC-42A3-9474-1A3956D46DE8}") = "Modules", "Modules", "{F4418168-A1ED-467E-9A04-A077E24A6D25}"
EndProject
Project("{2150E333-8FDC-42A3-9474-1A3956D46DE8}") = "Tests", "Tests", "{10F83D96-C8F8-4350-9121-2E30D90BCDDA}"
EndProject
Project("{FAE04EC0-301F-11D3-BF4B-00C04F79EFBC}") = "SD.ProjectName.Modules.Products", "Modules\SD.ProjectName.Modules.Products\SD.ProjectName.Modules.Products.csproj", "{62A370CF-A9CF-4852-9C23-8BD53D47A8C6}"
EndProject
Project("{FAE04EC0-301F-11D3-BF4B-00C04F79EFBC}") = "SD.ProjectName.Tests.Products", "Tests\SD.ProjectName.Tests.Products\SD.ProjectName.Tests.Products.csproj", "{E165EF9D-BD6C-4E1B-BF8C-F7A71E275CA8}"
EndProject
Project("{FAE04EC0-301F-11D3-BF4B-00C04F79EFBC}") = "ARP.ESG_ReportStudio.API", "Application\ARP.ESG_ReportStudio.API\ARP.ESG_ReportStudio.API.csproj", "{76F18C70-422E-49C0-8E54-62AECBB2E9F9}"
EndProject
Project("{FAE04EC0-301F-11D3-BF4B-00C04F79EFBC}") = "SD.ProjectName.Modules.Integrations", "Modules\SD.ProjectName.Modules.Integrations\SD.ProjectName.Modules.Integrations.csproj", "{2F02A82C-3C60-48B7-B781-555C43E31274}"
EndProject
Project("{FAE04EC0-301F-11D3-BF4B-00C04F79EFBC}") = "SD.ProjectName.Tests.Integrations", "Tests\SD.ProjectName.Tests.Integrations\SD.ProjectName.Tests.Integrations.csproj", "{3B874760-13E4-4F30-8D0D-6C156887651B}"
EndProject
Global
	GlobalSection(SolutionConfigurationPlatforms) = preSolution
		Debug|Any CPU = Debug|Any CPU
		Debug|x64 = Debug|x64
		Debug|x86 = Debug|x86
		Release|Any CPU = Release|Any CPU
		Release|x64 = Release|x64
		Release|x86 = Release|x86
	EndGlobalSection
	GlobalSection(ProjectConfigurationPlatforms) = postSolution
		{62A370CF-A9CF-4852-9C23-8BD53D47A8C6}.Debug|Any CPU.ActiveCfg = Debug|Any CPU
		{62A370CF-A9CF-4852-9C23-8BD53D47A8C6}.Debug|Any CPU.Build.0 = Debug|Any CPU
		{62A370CF-A9CF-4852-9C23-8BD53D47A8C6}.Debug|x64.ActiveCfg = Debug|Any CPU
		{62A370CF-A9CF-4852-9C23-8BD53D47A8C6}.Debug|x64.Build.0 = Debug|Any CPU
		{62A370CF-A9CF-4852-9C23-8BD53D47A8C6}.Debug|x86.ActiveCfg = Debug|Any CPU
		{62A370CF-A9CF-4852-9C23-8BD53D47A8C6}.Debug|x86.Build.0 = Debug|Any CPU
		{62A370CF-A9CF-4852-9C23-8BD53D47A8C6}.Release|Any CPU.ActiveCfg = Release|Any CPU
		{62A370CF-A9CF-4852-9C23-8BD53D47A8C6}.Release|Any CPU.Build.0 = Release|Any CPU
		{62A370CF-A9CF-4852-9C23-8BD53D47A8C6}.Release|x64.ActiveCfg = Release|Any CPU
		{62A370CF-A9CF-4852-9C23-8BD53D47A8C6}.Release|x64.Build.0 = Release|Any CPU
		{62A370CF-A9CF-4852-9C23-8BD53D47A8C6}.Release|x86.ActiveCfg = Release|Any CPU
		{62A370CF-A9CF-4852-9C23-8BD53D47A8C6}.Release|x86.Build.0 = Release|Any CPU
		{E165EF9D-BD6C-4E1B-BF8C-F7A71E275CA8}.Debug|Any CPU.ActiveCfg = Debug|Any CPU
		{E165EF9D-BD6C-4E1B-BF8C-F7A71E275CA8}.Debug|Any CPU.Build.0 = Debug|Any CPU
		{E165EF9D-BD6C-4E1B-BF8C-F7A71E275CA8}.Debug|x64.ActiveCfg = Debug|Any CPU
		{E165EF9D-BD6C-4E1B-BF8C-F7A71E275CA8}.Debug|x64.Build.0 = Debug|Any CPU
		{E165EF9D-BD6C-4E1B-BF8C-F7A71E275CA8}.Debug|x86.ActiveCfg = Debug|Any CPU
		{E165EF9D-BD6C-4E1B-BF8C-F7A71E275CA8}.Debug|x86.Build.0 = Debug|Any CPU
		{E165EF9D-BD6C-4E1B-BF8C-F7A71E275CA8}.Release|Any CPU.ActiveCfg = Release|Any CPU
		{E165EF9D-BD6C-4E1B-BF8C-F7A71E275CA8}.Release|Any CPU.Build.0 = Release|Any CPU
		{E165EF9D-BD6C-4E1B-BF8C-F7A71E275CA8}.Release|x64.ActiveCfg = Release|Any CPU
		{E165EF9D-BD6C-4E1B-BF8C-F7A71E275CA8}.Release|x64.Build.0 = Release|Any CPU
		{E165EF9D-BD6C-4E1B-BF8C-F7A71E275CA8}.Release|x86.ActiveCfg = Release|Any CPU
		{E165EF9D-BD6C-4E1B-BF8C-F7A71E275CA8}.Release|x86.Build.0 = Release|Any CPU
		{76F18C70-422E-49C0-8E54-62AECBB2E9F9}.Debug|Any CPU.ActiveCfg = Debug|Any CPU
		{76F18C70-422E-49C0-8E54-62AECBB2E9F9}.Debug|Any CPU.Build.0 = Debug|Any CPU
		{76F18C70-422E-49C0-8E54-62AECBB2E9F9}.Debug|x64.ActiveCfg = Debug|Any CPU
		{76F18C70-422E-49C0-8E54-62AECBB2E9F9}.Debug|x64.Build.0 = Debug|Any CPU
		{76F18C70-422E-49C0-8E54-62AECBB2E9F9}.Debug|x86.ActiveCfg = Debug|Any CPU
		{76F18C70-422E-49C0-8E54-62AECBB2E9F9}.Debug|x86.Build.0 = Debug|Any CPU
		{76F18C70-422E-49C0-8E54-62AECBB2E9F9}.Release|Any CPU.ActiveCfg = Release|Any CPU
		{76F18C70-422E-49C0-8E54-62AECBB2E9F9}.Release|Any CPU.Build.0 = Release|Any CPU
		{76F18C70-422E-49C0-8E54-62AECBB2E9F9}.Release|x64.ActiveCfg = Release|Any CPU
		{76F18C70-422E-49C0-8E54-62AECBB2E9F9}.Release|x64.Build.0 = Release|Any CPU
		{76F18C70-422E-49C0-8E54-62AECBB2E9F9}.Release|x86.ActiveCfg = Release|Any CPU
		{76F18C70-422E-49C0-8E54-62AECBB2E9F9}.Release|x86.Build.0 = Release|Any CPU
		{2F02A82C-3C60-48B7-B781-555C43E31274}.Debug|Any CPU.ActiveCfg = Debug|Any CPU
		{2F02A82C-3C60-48B7-B781-555C43E31274}.Debug|Any CPU.Build.0 = Debug|Any CPU
		{2F02A82C-3C60-48B7-B781-555C43E31274}.Debug|x64.ActiveCfg = Debug|Any CPU
		{2F02A82C-3C60-48B7-B781-555C43E31274}.Debug|x64.Build.0 = Debug|Any CPU
		{2F02A82C-3C60-48B7-B781-555C43E31274}.Debug|x86.ActiveCfg = Debug|Any CPU
		{2F02A82C-3C60-48B7-B781-555C43E31274}.Debug|x86.Build.0 = Debug|Any CPU
		{2F02A82C-3C60-48B7-B781-555C43E31274}.Release|Any CPU.ActiveCfg = Release|Any CPU
		{2F02A82C-3C60-48B7-B781-555C43E31274}.Release|Any CPU.Build.0 = Release|Any CPU
		{2F02A82C-3C60-48B7-B781-555C43E31274}.Release|x64.ActiveCfg = Release|Any CPU
		{2F02A82C-3C60-48B7-B781-555C43E31274}.Release|x64.Build.0 = Release|Any CPU
		{2F02A82C-3C60-48B7-B781-555C43E31274}.Release|x86.ActiveCfg = Release|Any CPU
		{2F02A82C-3C60-48B7-B781-555C43E31274}.Release|x86.Build.0 = Release|Any CPU
		{3B874760-13E4-4F30-8D0D-6C156887651B}.Debug|Any CPU.ActiveCfg = Debug|Any CPU
		{3B874760-13E4-4F30-8D0D-6C156887651B}.Debug|Any CPU.Build.0 = Debug|Any CPU
		{3B874760-13E4-4F30-8D0D-6C156887651B}.Debug|x64.ActiveCfg = Debug|Any CPU
		{3B874760-13E4-4F30-8D0D-6C156887651B}.Debug|x64.Build.0 = Debug|Any CPU
		{3B874760-13E4-4F30-8D0D-6C156887651B}.Debug|x86.ActiveCfg = Debug|Any CPU
		{3B874760-13E4-4F30-8D0D-6C156887651B}.Debug|x86.Build.0 = Debug|Any CPU
		{3B874760-13E4-4F30-8D0D-6C156887651B}.Release|Any CPU.ActiveCfg = Release|Any CPU
		{3B874760-13E4-4F30-8D0D-6C156887651B}.Release|Any CPU.Build.0 = Release|Any CPU
		{3B874760-13E4-4F30-8D0D-6C156887651B}.Release|x64.ActiveCfg = Release|Any CPU
		{3B874760-13E4-4F30-8D0D-6C156887651B}.Release|x64.Build.0 = Release|Any CPU
		{3B874760-13E4-4F30-8D0D-6C156887651B}.Release|x86.ActiveCfg = Release|Any CPU
		{3B874760-13E4-4F30-8D0D-6C156887651B}.Release|x86.Build.0 = Release|Any CPU
	EndGlobalSection
	GlobalSection(SolutionProperties) = preSolution
		HideSolutionNode = FALSE
	EndGlobalSection
	GlobalSection(NestedProjects) = preSolution
		{62A370CF-A9CF-4852-9C23-8BD53D47A8C6} = {F4418168-A1ED-467E-9A04-A077E24A6D25}
		{E165EF9D-BD6C-4E1B-BF8C-F7A71E275CA8} = {10F83D96-C8F8-4350-9121-2E30D90BCDDA}
		{76F18C70-422E-49C0-8E54-62AECBB2E9F9} = {02EA681E-C7D8-13C7-8484-4AC65E1B71E8}
		{2F02A82C-3C60-48B7-B781-555C43E31274} = {F4418168-A1ED-467E-9A04-A077E24A6D25}
		{3B874760-13E4-4F30-8D0D-6C156887651B} = {10F83D96-C8F8-4350-9121-2E30D90BCDDA}
	EndGlobalSection
	GlobalSection(ExtensibilityGlobals) = postSolution
		SolutionGuid = {79041E47-202B-4FF4-B1D3-FEB05533D378}
	EndGlobalSection
EndGlobal
